
Microsoft Visual Studio Solution File, Format Version 12.00
# Visual Studio Version 16
VisualStudioVersion = 16.0.29311.281
MinimumVisualStudioVersion = 10.0.40219.1
Project("{FAE04EC0-301F-11D3-BF4B-00C04F79EFBC}") = "trippin", "trippin\trippin.csproj", "{BD02792F-142B-4880-9777-813602A10DB3}"
EndProject
Global
	GlobalSection(SolutionConfigurationPlatforms) = preSolution
		Debug|Any CPU = Debug|Any CPU
		Release|Any CPU = Release|Any CPU
	EndGlobalSection
	GlobalSection(ProjectConfigurationPlatforms) = postSolution
		{BD02792F-142B-4880-9777-813602A10DB3}.Debug|Any CPU.ActiveCfg = Debug|Any CPU
		{BD02792F-142B-4880-9777-813602A10DB3}.Debug|Any CPU.Build.0 = Debug|Any CPU
		{BD02792F-142B-4880-9777-813602A10DB3}.Release|Any CPU.ActiveCfg = Release|Any CPU
		{BD02792F-142B-4880-9777-813602A10DB3}.Release|Any CPU.Build.0 = Release|Any CPU
	EndGlobalSection
	GlobalSection(SolutionProperties) = preSolution
		HideSolutionNode = FALSE
	EndGlobalSection
	GlobalSection(ExtensibilityGlobals) = postSolution
		SolutionGuid = {15BE6F04-45FA-4786-B9E7-F6AF8EFF01EE}
	EndGlobalSection
EndGlobal
